
Microsoft Visual Studio Solution File, Format Version 12.00
# Visual Studio Version 17
VisualStudioVersion = 17.2.32616.157
MinimumVisualStudioVersion = 10.0.40219.1
Project("{FAE04EC0-301F-11D3-BF4B-00C04F79EFBC}") = "Buscador3", "Buscador3.csproj", "{5AF88352-B90A-4D5A-AB2F-ABB39C7540C3}"
EndProject
Global
	GlobalSection(SolutionConfigurationPlatforms) = preSolution
		Debug|Any CPU = Debug|Any CPU
		Release|Any CPU = Release|Any CPU
	EndGlobalSection
	GlobalSection(ProjectConfigurationPlatforms) = postSolution
		{5AF88352-B90A-4D5A-AB2F-ABB39C7540C3}.Debug|Any CPU.ActiveCfg = Debug|Any CPU
		{5AF88352-B90A-4D5A-AB2F-ABB39C7540C3}.Debug|Any CPU.Build.0 = Debug|Any CPU
		{5AF88352-B90A-4D5A-AB2F-ABB39C7540C3}.Release|Any CPU.ActiveCfg = Release|Any CPU
		{5AF88352-B90A-4D5A-AB2F-ABB39C7540C3}.Release|Any CPU.Build.0 = Release|Any CPU
	EndGlobalSection
	GlobalSection(SolutionProperties) = preSolution
		HideSolutionNode = FALSE
	EndGlobalSection
	GlobalSection(ExtensibilityGlobals) = postSolution
		SolutionGuid = {C55E6614-7503-41AD-8933-D053845A6C06}
	EndGlobalSection
EndGlobal
